// !$*UTF8*$!
{
	archiveVersion = 1;
	classes = {
	};
	objectVersion = 55;
	objects = {

/* Begin PBXBuildFile section */
		D590D4D32806CC550003627C /* AppDelegate.swift in Sources */ = {isa = PBXBuildFile; fileRef = D590D4D22806CC550003627C /* AppDelegate.swift */; };
		D590D4D72806CC550003627C /* ViewController.swift in Sources */ = {isa = PBXBuildFile; fileRef = D590D4D62806CC550003627C /* ViewController.swift */; };
		D590D4DA2806CC550003627C /* Main.storyboard in Resources */ = {isa = PBXBuildFile; fileRef = D590D4D82806CC550003627C /* Main.storyboard */; };
		D590D4DC2806CC590003627C /* Assets.xcassets in Resources */ = {isa = PBXBuildFile; fileRef = D590D4DB2806CC590003627C /* Assets.xcassets */; };
		D590D4DF2806CC590003627C /* LaunchScreen.storyboard in Resources */ = {isa = PBXBuildFile; fileRef = D590D4DD2806CC590003627C /* LaunchScreen.storyboard */; };
		D590D4E72806CCF00003627C /* TapeLayer.swift in Sources */ = {isa = PBXBuildFile; fileRef = D590D4E62806CCF00003627C /* TapeLayer.swift */; };
		D5EA77C8281416C700B4FDE2 /* CALayer+Extension.swift in Sources */ = {isa = PBXBuildFile; fileRef = D5EA77C7281416C700B4FDE2 /* CALayer+Extension.swift */; };
		D5FEFE3A28073C2800E6DA44 /* TapeView.swift in Sources */ = {isa = PBXBuildFile; fileRef = D5FEFE3928073C2800E6DA44 /* TapeView.swift */; };
		D5FEFE3C2809788A00E6DA44 /* UIBezierPath+Extension.swift in Sources */ = {isa = PBXBuildFile; fileRef = D5FEFE3B2809788A00E6DA44 /* UIBezierPath+Extension.swift */; };
/* End PBXBuildFile section */

/* Begin PBXFileReference section */
		D590D4CF2806CC550003627C /* ChargingAnimation.app */ = {isa = PBXFileReference; explicitFileType = wrapper.application; includeInIndex = 0; path = ChargingAnimation.app; sourceTree = BUILT_PRODUCTS_DIR; };
		D590D4D22806CC550003627C /* AppDelegate.swift */ = {isa = PBXFileReference; lastKnownFileType = sourcecode.swift; path = AppDelegate.swift; sourceTree = "<group>"; };
		D590D4D62806CC550003627C /* ViewController.swift */ = {isa = PBXFileReference; lastKnownFileType = sourcecode.swift; path = ViewController.swift; sourceTree = "<group>"; };
		D590D4D92806CC550003627C /* Base */ = {isa = PBXFileReference; lastKnownFileType = file.storyboard; name = Base; path = Base.lproj/Main.storyboard; sourceTree = "<group>"; };
		D590D4DB2806CC590003627C /* Assets.xcassets */ = {isa = PBXFileReference; lastKnownFileType = folder.assetcatalog; path = Assets.xcassets; sourceTree = "<group>"; };
		D590D4DE2806CC590003627C /* Base */ = {isa = PBXFileReference; lastKnownFileType = file.storyboard; name = Base; path = Base.lproj/LaunchScreen.storyboard; sourceTree = "<group>"; };
		D590D4E02806CC590003627C /* Info.plist */ = {isa = PBXFileReference; lastKnownFileType = text.plist.xml; path = Info.plist; sourceTree = "<group>"; };
		D590D4E62806CCF00003627C /* TapeLayer.swift */ = {isa = PBXFileReference; lastKnownFileType = sourcecode.swift; path = TapeLayer.swift; sourceTree = "<group>"; };
		D5EA77C7281416C700B4FDE2 /* CALayer+Extension.swift */ = {isa = PBXFileReference; lastKnownFileType = sourcecode.swift; path = "CALayer+Extension.swift"; sourceTree = "<group>"; };
		D5FEFE3928073C2800E6DA44 /* TapeView.swift */ = {isa = PBXFileReference; lastKnownFileType = sourcecode.swift; path = TapeView.swift; sourceTree = "<group>"; };
		D5FEFE3B2809788A00E6DA44 /* UIBezierPath+Extension.swift */ = {isa = PBXFileReference; lastKnownFileType = sourcecode.swift; path = "UIBezierPath+Extension.swift"; sourceTree = "<group>"; };
/* End PBXFileReference section */

/* Begin PBXFrameworksBuildPhase section */
		D590D4CC2806CC550003627C /* Frameworks */ = {
			isa = PBXFrameworksBuildPhase;
			buildActionMask = 2147483647;
			files = (
			);
			runOnlyForDeploymentPostprocessing = 0;
		};
/* End PBXFrameworksBuildPhase section */

/* Begin PBXGroup section */
		D590D4C62806CC550003627C = {
			isa = PBXGroup;
			children = (
				D590D4D12806CC550003627C /* ChargingAnimation */,
				D590D4D02806CC550003627C /* Products */,
			);
			sourceTree = "<group>";
		};
		D590D4D02806CC550003627C /* Products */ = {
			isa = PBXGroup;
			children = (
				D590D4CF2806CC550003627C /* ChargingAnimation.app */,
			);
			name = Products;
			sourceTree = "<group>";
		};
		D590D4D12806CC550003627C /* ChargingAnimation */ = {
			isa = PBXGroup;
			children = (
				D5EA77C6280EABF900B4FDE2 /* TapeView */,
				D590D4D22806CC550003627C /* AppDelegate.swift */,
				D590D4D62806CC550003627C /* ViewController.swift */,
				D590D4D82806CC550003627C /* Main.storyboard */,
				D590D4DB2806CC590003627C /* Assets.xcassets */,
				D590D4DD2806CC590003627C /* LaunchScreen.storyboard */,
				D590D4E02806CC590003627C /* Info.plist */,
			);
			path = ChargingAnimation;
			sourceTree = "<group>";
		};
		D5EA77C6280EABF900B4FDE2 /* TapeView */ = {
			isa = PBXGroup;
			children = (
				D5FEFE3B2809788A00E6DA44 /* UIBezierPath+Extension.swift */,
				D590D4E62806CCF00003627C /* TapeLayer.swift */,
				D5FEFE3928073C2800E6DA44 /* TapeView.swift */,
				D5EA77C7281416C700B4FDE2 /* CALayer+Extension.swift */,
			);
			path = TapeView;
			sourceTree = "<group>";
		};
/* End PBXGroup section */

/* Begin PBXNativeTarget section */
		D590D4CE2806CC550003627C /* ChargingAnimation */ = {
			isa = PBXNativeTarget;
			buildConfigurationList = D590D4E32806CC590003627C /* Build configuration list for PBXNativeTarget "ChargingAnimation" */;
			buildPhases = (
				D590D4CB2806CC550003627C /* Sources */,
				D590D4CC2806CC550003627C /* Frameworks */,
				D590D4CD2806CC550003627C /* Resources */,
			);
			buildRules = (
			);
			dependencies = (
			);
			name = ChargingAnimation;
			productName = ChargingAnimation;
			productReference = D590D4CF2806CC550003627C /* ChargingAnimation.app */;
			productType = "com.apple.product-type.application";
		};
/* End PBXNativeTarget section */

/* Begin PBXProject section */
		D590D4C72806CC550003627C /* Project object */ = {
			isa = PBXProject;
			attributes = {
				BuildIndependentTargetsInParallel = 1;
				LastSwiftUpdateCheck = 1330;
				LastUpgradeCheck = 1330;
				TargetAttributes = {
					D590D4CE2806CC550003627C = {
						CreatedOnToolsVersion = 13.3;
						LastSwiftMigration = 1330;
					};
				};
			};
			buildConfigurationList = D590D4CA2806CC550003627C /* Build configuration list for PBXProject "ChargingAnimation" */;
			compatibilityVersion = "Xcode 13.0";
			developmentRegion = en;
			hasScannedForEncodings = 0;
			knownRegions = (
				en,
				Base,
			);
			mainGroup = D590D4C62806CC550003627C;
			productRefGroup = D590D4D02806CC550003627C /* Products */;
			projectDirPath = "";
			projectRoot = "";
			targets = (
				D590D4CE2806CC550003627C /* ChargingAnimation */,
			);
		};
/* End PBXProject section */

/* Begin PBXResourcesBuildPhase section */
		D590D4CD2806CC550003627C /* Resources */ = {
			isa = PBXResourcesBuildPhase;
			buildActionMask = 2147483647;
			files = (
				D590D4DF2806CC590003627C /* LaunchScreen.storyboard in Resources */,
				D590D4DC2806CC590003627C /* Assets.xcassets in Resources */,
				D590D4DA2806CC550003627C /* Main.storyboard in Resources */,
			);
			runOnlyForDeploymentPostprocessing = 0;
		};
/* End PBXResourcesBuildPhase section */

/* Begin PBXSourcesBuildPhase section */
		D590D4CB2806CC550003627C /* Sources */ = {
			isa = PBXSourcesBuildPhase;
			buildActionMask = 2147483647;
			files = (
				D590D4D72806CC550003627C /* ViewController.swift in Sources */,
				D5FEFE3C2809788A00E6DA44 /* UIBezierPath+Extension.swift in Sources */,
				D590D4D32806CC550003627C /* AppDelegate.swift in Sources */,
				D590D4E72806CCF00003627C /* TapeLayer.swift in Sources */,
				D5FEFE3A28073C2800E6DA44 /* TapeView.swift in Sources */,
				D5EA77C8281416C700B4FDE2 /* CALayer+Extension.swift in Sources */,
			);
			runOnlyForDeploymentPostprocessing = 0;
		};
/* End PBXSourcesBuildPhase section */

/* Begin PBXVariantGroup section */
		D590D4D82806CC550003627C /* Main.storyboard */ = {
			isa = PBXVariantGroup;
			children = (
				D590D4D92806CC550003627C /* Base */,
			);
			name = Main.storyboard;
			sourceTree = "<group>";
		};
		D590D4DD2806CC590003627C /* LaunchScreen.storyboard */ = {
			isa = PBXVariantGroup;
			children = (
				D590D4DE2806CC590003627C /* Base */,
			);
			name = LaunchScreen.storyboard;
			sourceTree = "<group>";
		};
/* End PBXVariantGroup section */

/* Begin XCBuildConfiguration section */
		D590D4E12806CC590003627C /* Debug */ = {
			isa = XCBuildConfiguration;
			buildSettings = {
				ALWAYS_SEARCH_USER_PATHS = NO;
				CLANG_ANALYZER_NONNULL = YES;
				CLANG_ANALYZER_NUMBER_OBJECT_CONVERSION = YES_AGGRESSIVE;
				CLANG_CXX_LANGUAGE_STANDARD = "gnu++17";
				CLANG_ENABLE_MODULES = YES;
				CLANG_ENABLE_OBJC_ARC = YES;
				CLANG_ENABLE_OBJC_WEAK = YES;
				CLANG_WARN_BLOCK_CAPTURE_AUTORELEASING = YES;
				CLANG_WARN_BOOL_CONVERSION = YES;
				CLANG_WARN_COMMA = YES;
				CLANG_WARN_CONSTANT_CONVERSION = YES;
				CLANG_WARN_DEPRECATED_OBJC_IMPLEMENTATIONS = YES;
				CLANG_WARN_DIRECT_OBJC_ISA_USAGE = YES_ERROR;
				CLANG_WARN_DOCUMENTATION_COMMENTS = YES;
				CLANG_WARN_EMPTY_BODY = YES;
				CLANG_WARN_ENUM_CONVERSION = YES;
				CLANG_WARN_INFINITE_RECURSION = YES;
				CLANG_WARN_INT_CONVERSION = YES;
				CLANG_WARN_NON_LITERAL_NULL_CONVERSION = YES;
				CLANG_WARN_OBJC_IMPLICIT_RETAIN_SELF = YES;
				CLANG_WARN_OBJC_LITERAL_CONVERSION = YES;
				CLANG_WARN_OBJC_ROOT_CLASS = YES_ERROR;
				CLANG_WARN_QUOTED_INCLUDE_IN_FRAMEWORK_HEADER = YES;
				CLANG_WARN_RANGE_LOOP_ANALYSIS = YES;
				CLANG_WARN_STRICT_PROTOTYPES = YES;
				CLANG_WARN_SUSPICIOUS_MOVE = YES;
				CLANG_WARN_UNGUARDED_AVAILABILITY = YES_AGGRESSIVE;
				CLANG_WARN_UNREACHABLE_CODE = YES;
				CLANG_WARN__DUPLICATE_METHOD_MATCH = YES;
				COPY_PHASE_STRIP = NO;
				DEBUG_INFORMATION_FORMAT = dwarf;
				ENABLE_STRICT_OBJC_MSGSEND = YES;
				ENABLE_TESTABILITY = YES;
				GCC_C_LANGUAGE_STANDARD = gnu11;
				GCC_DYNAMIC_NO_PIC = NO;
				GCC_NO_COMMON_BLOCKS = YES;
				GCC_OPTIMIZATION_LEVEL = 0;
				GCC_PREPROCESSOR_DEFINITIONS = (
					"DEBUG=1",
					"$(inherited)",
				);
				GCC_WARN_64_TO_32_BIT_CONVERSION = YES;
				GCC_WARN_ABOUT_RETURN_TYPE = YES_ERROR;
				GCC_WARN_UNDECLARED_SELECTOR = YES;
				GCC_WARN_UNINITIALIZED_AUTOS = YES_AGGRESSIVE;
				GCC_WARN_UNUSED_FUNCTION = YES;
				GCC_WARN_UNUSED_VARIABLE = YES;
				IPHONEOS_DEPLOYMENT_TARGET = 15.4;
				MTL_ENABLE_DEBUG_INFO = INCLUDE_SOURCE;
				MTL_FAST_MATH = YES;
				ONLY_ACTIVE_ARCH = YES;
				SDKROOT = iphoneos;
				SWIFT_ACTIVE_COMPILATION_CONDITIONS = DEBUG;
				SWIFT_OPTIMIZATION_LEVEL = "-Onone";
			};
			name = Debug;
		};
		D590D4E22806CC590003627C /* Release */ = {
			isa = XCBuildConfiguration;
			buildSettings = {
				ALWAYS_SEARCH_USER_PATHS = NO;
				CLANG_ANALYZER_NONNULL = YES;
				CLANG_ANALYZER_NUMBER_OBJECT_CONVERSION = YES_AGGRESSIVE;
				CLANG_CXX_LANGUAGE_STANDARD = "gnu++17";
				CLANG_ENABLE_MODULES = YES;
				CLANG_ENABLE_OBJC_ARC = YES;
				CLANG_ENABLE_OBJC_WEAK = YES;
				CLANG_WARN_BLOCK_CAPTURE_AUTORELEASING = YES;
				CLANG_WARN_BOOL_CONVERSION = YES;
				CLANG_WARN_COMMA = YES;
				CLANG_WARN_CONSTANT_CONVERSION = YES;
				CLANG_WARN_DEPRECATED_OBJC_IMPLEMENTATIONS = YES;
				CLANG_WARN_DIRECT_OBJC_ISA_USAGE = YES_ERROR;
				CLANG_WARN_DOCUMENTATION_COMMENTS = YES;
				CLANG_WARN_EMPTY_BODY = YES;
				CLANG_WARN_ENUM_CONVERSION = YES;
				CLANG_WARN_INFINITE_RECURSION = YES;
				CLANG_WARN_INT_CONVERSION = YES;
				CLANG_WARN_NON_LITERAL_NULL_CONVERSION = YES;
				CLANG_WARN_OBJC_IMPLICIT_RETAIN_SELF = YES;
				CLANG_WARN_OBJC_LITERAL_CONVERSION = YES;
				CLANG_WARN_OBJC_ROOT_CLASS = YES_ERROR;
				CLANG_WARN_QUOTED_INCLUDE_IN_FRAMEWORK_HEADER = YES;
				CLANG_WARN_RANGE_LOOP_ANALYSIS = YES;
				CLANG_WARN_STRICT_PROTOTYPES = YES;
				CLANG_WARN_SUSPICIOUS_MOVE = YES;
				CLANG_WARN_UNGUARDED_AVAILABILITY = YES_AGGRESSIVE;
				CLANG_WARN_UNREACHABLE_CODE = YES;
				CLANG_WARN__DUPLICATE_METHOD_MATCH = YES;
				COPY_PHASE_STRIP = NO;
				DEBUG_INFORMATION_FORMAT = "dwarf-with-dsym";
				ENABLE_NS_ASSERTIONS = NO;
				ENABLE_STRICT_OBJC_MSGSEND = YES;
				GCC_C_LANGUAGE_STANDARD = gnu11;
				GCC_NO_COMMON_BLOCKS = YES;
				GCC_WARN_64_TO_32_BIT_CONVERSION = YES;
				GCC_WARN_ABOUT_RETURN_TYPE = YES_ERROR;
				GCC_WARN_UNDECLARED_SELECTOR = YES;
				GCC_WARN_UNINITIALIZED_AUTOS = YES_AGGRESSIVE;
				GCC_WARN_UNUSED_FUNCTION = YES;
				GCC_WARN_UNUSED_VARIABLE = YES;
				IPHONEOS_DEPLOYMENT_TARGET = 15.4;
				MTL_ENABLE_DEBUG_INFO = NO;
				MTL_FAST_MATH = YES;
				SDKROOT = iphoneos;
				SWIFT_COMPILATION_MODE = wholemodule;
				SWIFT_OPTIMIZATION_LEVEL = "-O";
				VALIDATE_PRODUCT = YES;
			};
			name = Release;
		};
		D590D4E42806CC590003627C /* Debug */ = {
			isa = XCBuildConfiguration;
			buildSettings = {
				ASSETCATALOG_COMPILER_APPICON_NAME = AppIcon;
				ASSETCATALOG_COMPILER_GLOBAL_ACCENT_COLOR_NAME = AccentColor;
				CLANG_ENABLE_MODULES = YES;
				CODE_SIGN_STYLE = Automatic;
				CURRENT_PROJECT_VERSION = 1;
				DEVELOPMENT_TEAM = DE8VLQCRE6;
				GENERATE_INFOPLIST_FILE = YES;
				INFOPLIST_FILE = ChargingAnimation/Info.plist;
				INFOPLIST_KEY_UIApplicationSupportsIndirectInputEvents = YES;
				INFOPLIST_KEY_UILaunchStoryboardName = LaunchScreen;
				INFOPLIST_KEY_UIMainStoryboardFile = Main;
				INFOPLIST_KEY_UISupportedInterfaceOrientations_iPad = "UIInterfaceOrientationPortrait UIInterfaceOrientationPortraitUpsideDown UIInterfaceOrientationLandscapeLeft UIInterfaceOrientationLandscapeRight";
				INFOPLIST_KEY_UISupportedInterfaceOrientations_iPhone = "UIInterfaceOrientationPortrait UIInterfaceOrientationLandscapeLeft UIInterfaceOrientationLandscapeRight";
				IPHONEOS_DEPLOYMENT_TARGET = 12.4;
				LD_RUNPATH_SEARCH_PATHS = (
					"$(inherited)",
					"@executable_path/Frameworks",
				);
				MARKETING_VERSION = 1.0;
				PRODUCT_BUNDLE_IDENTIFIER = com.reitan.employee.dev;
				PRODUCT_NAME = "$(TARGET_NAME)";
				SWIFT_EMIT_LOC_STRINGS = YES;
				SWIFT_OPTIMIZATION_LEVEL = "-Onone";
				SWIFT_VERSION = 5.0;
				TARGETED_DEVICE_FAMILY = "1,2";
			};
			name = Debug;
		};
		D590D4E52806CC590003627C /* Release */ = {
			isa = XCBuildConfiguration;
			buildSettings = {
				ASSETCATALOG_COMPILER_APPICON_NAME = AppIcon;
				ASSETCATALOG_COMPILER_GLOBAL_ACCENT_COLOR_NAME = AccentColor;
				CLANG_ENABLE_MODULES = YES;
				CODE_SIGN_STYLE = Automatic;
				CURRENT_PROJECT_VERSION = 1;
				DEVELOPMENT_TEAM = DE8VLQCRE6;
				GENERATE_INFOPLIST_FILE = YES;
				INFOPLIST_FILE = ChargingAnimation/Info.plist;
				INFOPLIST_KEY_UIApplicationSupportsIndirectInputEvents = YES;
				INFOPLIST_KEY_UILaunchStoryboardName = LaunchScreen;
				INFOPLIST_KEY_UIMainStoryboardFile = Main;
				INFOPLIST_KEY_UISupportedInterfaceOrientations_iPad = "UIInterfaceOrientationPortrait UIInterfaceOrientationPortraitUpsideDown UIInterfaceOrientationLandscapeLeft UIInterfaceOrientationLandscapeRight";
				INFOPLIST_KEY_UISupportedInterfaceOrientations_iPhone = "UIInterfaceOrientationPortrait UIInterfaceOrientationLandscapeLeft UIInterfaceOrientationLandscapeRight";
				IPHONEOS_DEPLOYMENT_TARGET = 12.4;
				LD_RUNPATH_SEARCH_PATHS = (
					"$(inherited)",
					"@executable_path/Frameworks",
				);
				MARKETING_VERSION = 1.0;
				PRODUCT_BUNDLE_IDENTIFIER = com.reitan.employee.dev;
				PRODUCT_NAME = "$(TARGET_NAME)";
				SWIFT_EMIT_LOC_STRINGS = YES;
				SWIFT_VERSION = 5.0;
				TARGETED_DEVICE_FAMILY = "1,2";
			};
			name = Release;
		};
/* End XCBuildConfiguration section */

/* Begin XCConfigurationList section */
		D590D4CA2806CC550003627C /* Build configuration list for PBXProject "ChargingAnimation" */ = {
			isa = XCConfigurationList;
			buildConfigurations = (
				D590D4E12806CC590003627C /* Debug */,
				D590D4E22806CC590003627C /* Release */,
			);
			defaultConfigurationIsVisible = 0;
			defaultConfigurationName = Release;
		};
		D590D4E32806CC590003627C /* Build configuration list for PBXNativeTarget "ChargingAnimation" */ = {
			isa = XCConfigurationList;
			buildConfigurations = (
				D590D4E42806CC590003627C /* Debug */,
				D590D4E52806CC590003627C /* Release */,
			);
			defaultConfigurationIsVisible = 0;
			defaultConfigurationName = Release;
		};
/* End XCConfigurationList section */
	};
	rootObject = D590D4C72806CC550003627C /* Project object */;
}
